// !$*UTF8*$!
{
	archiveVersion = 1;
	classes = {
	};
	objectVersion = 56;
	objects = {

/* Begin PBXBuildFile section */
		45A97B352B0556F100B43979 /* Assets.xcassets in Resources */ = {isa = PBXBuildFile; fileRef = 45A97B342B0556F100B43979 /* Assets.xcassets */; };
		45A97B382B0556F100B43979 /* Preview Assets.xcassets in Resources */ = {isa = PBXBuildFile; fileRef = 45A97B372B0556F100B43979 /* Preview Assets.xcassets */; };
		45A97B3F2B05572C00B43979 /* NavigationPath.swift in Sources */ = {isa = PBXBuildFile; fileRef = 45A97B3E2B05572C00B43979 /* NavigationPath.swift */; };
		45A97B412B05574D00B43979 /* NavigationPath+AppCoordinator.swift in Sources */ = {isa = PBXBuildFile; fileRef = 45A97B402B05574D00B43979 /* NavigationPath+AppCoordinator.swift */; };
		45A97B442B05576300B43979 /* Person.swift in Sources */ = {isa = PBXBuildFile; fileRef = 45A97B432B05576300B43979 /* Person.swift */; };
		45A97B472B05577800B43979 /* AddPersonView.swift in Sources */ = {isa = PBXBuildFile; fileRef = 45A97B462B05577800B43979 /* AddPersonView.swift */; };
		45A97B492B05578400B43979 /* MainView.swift in Sources */ = {isa = PBXBuildFile; fileRef = 45A97B482B05578400B43979 /* MainView.swift */; };
		45A97B4B2B05578E00B43979 /* PersonDetailsView.swift in Sources */ = {isa = PBXBuildFile; fileRef = 45A97B4A2B05578E00B43979 /* PersonDetailsView.swift */; };
		45A97B4D2B05579A00B43979 /* SettingsView.swift in Sources */ = {isa = PBXBuildFile; fileRef = 45A97B4C2B05579A00B43979 /* SettingsView.swift */; };
		45F689DC2B06CAFE00395EC1 /* Factory in Frameworks */ = {isa = PBXBuildFile; productRef = 45F689DB2B06CAFE00395EC1 /* Factory */; };
		45F689DE2B06CB0C00395EC1 /* NavigationPath+FactoryContainer.swift in Sources */ = {isa = PBXBuildFile; fileRef = 45F689DD2B06CB0C00395EC1 /* NavigationPath+FactoryContainer.swift */; };
/* End PBXBuildFile section */

/* Begin PBXFileReference section */
		45A97B2D2B0556EF00B43979 /* NavigationPath.app */ = {isa = PBXFileReference; explicitFileType = wrapper.application; includeInIndex = 0; path = NavigationPath.app; sourceTree = BUILT_PRODUCTS_DIR; };
		45A97B342B0556F100B43979 /* Assets.xcassets */ = {isa = PBXFileReference; lastKnownFileType = folder.assetcatalog; path = Assets.xcassets; sourceTree = "<group>"; };
		45A97B372B0556F100B43979 /* Preview Assets.xcassets */ = {isa = PBXFileReference; lastKnownFileType = folder.assetcatalog; path = "Preview Assets.xcassets"; sourceTree = "<group>"; };
		45A97B3E2B05572C00B43979 /* NavigationPath.swift */ = {isa = PBXFileReference; lastKnownFileType = sourcecode.swift; path = NavigationPath.swift; sourceTree = "<group>"; };
		45A97B402B05574D00B43979 /* NavigationPath+AppCoordinator.swift */ = {isa = PBXFileReference; lastKnownFileType = sourcecode.swift; path = "NavigationPath+AppCoordinator.swift"; sourceTree = "<group>"; };
		45A97B432B05576300B43979 /* Person.swift */ = {isa = PBXFileReference; lastKnownFileType = sourcecode.swift; path = Person.swift; sourceTree = "<group>"; };
		45A97B462B05577800B43979 /* AddPersonView.swift */ = {isa = PBXFileReference; lastKnownFileType = sourcecode.swift; path = AddPersonView.swift; sourceTree = "<group>"; };
		45A97B482B05578400B43979 /* MainView.swift */ = {isa = PBXFileReference; lastKnownFileType = sourcecode.swift; path = MainView.swift; sourceTree = "<group>"; };
		45A97B4A2B05578E00B43979 /* PersonDetailsView.swift */ = {isa = PBXFileReference; lastKnownFileType = sourcecode.swift; path = PersonDetailsView.swift; sourceTree = "<group>"; };
		45A97B4C2B05579A00B43979 /* SettingsView.swift */ = {isa = PBXFileReference; lastKnownFileType = sourcecode.swift; path = SettingsView.swift; sourceTree = "<group>"; };
		45F689DD2B06CB0C00395EC1 /* NavigationPath+FactoryContainer.swift */ = {isa = PBXFileReference; lastKnownFileType = sourcecode.swift; path = "NavigationPath+FactoryContainer.swift"; sourceTree = "<group>"; };
/* End PBXFileReference section */

/* Begin PBXFrameworksBuildPhase section */
		45A97B2A2B0556EF00B43979 /* Frameworks */ = {
			isa = PBXFrameworksBuildPhase;
			buildActionMask = 2147483647;
			files = (
				45F689DC2B06CAFE00395EC1 /* Factory in Frameworks */,
			);
			runOnlyForDeploymentPostprocessing = 0;
		};
/* End PBXFrameworksBuildPhase section */

/* Begin PBXGroup section */
		45A97B242B0556EF00B43979 = {
			isa = PBXGroup;
			children = (
				45A97B2F2B0556EF00B43979 /* NavigationPath */,
				45A97B2E2B0556EF00B43979 /* Products */,
			);
			sourceTree = "<group>";
		};
		45A97B2E2B0556EF00B43979 /* Products */ = {
			isa = PBXGroup;
			children = (
				45A97B2D2B0556EF00B43979 /* NavigationPath.app */,
			);
			name = Products;
			sourceTree = "<group>";
		};
		45A97B2F2B0556EF00B43979 /* NavigationPath */ = {
			isa = PBXGroup;
			children = (
				45A97B3E2B05572C00B43979 /* NavigationPath.swift */,
				45A97B402B05574D00B43979 /* NavigationPath+AppCoordinator.swift */,
				45F689DD2B06CB0C00395EC1 /* NavigationPath+FactoryContainer.swift */,
				45A97B452B05576C00B43979 /* Views */,
				45A97B422B05575900B43979 /* Models */,
				45A97B342B0556F100B43979 /* Assets.xcassets */,
				45A97B362B0556F100B43979 /* Preview Content */,
			);
			path = NavigationPath;
			sourceTree = "<group>";
		};
		45A97B362B0556F100B43979 /* Preview Content */ = {
			isa = PBXGroup;
			children = (
				45A97B372B0556F100B43979 /* Preview Assets.xcassets */,
			);
			path = "Preview Content";
			sourceTree = "<group>";
		};
		45A97B422B05575900B43979 /* Models */ = {
			isa = PBXGroup;
			children = (
				45A97B432B05576300B43979 /* Person.swift */,
			);
			path = Models;
			sourceTree = "<group>";
		};
		45A97B452B05576C00B43979 /* Views */ = {
			isa = PBXGroup;
			children = (
				45A97B482B05578400B43979 /* MainView.swift */,
				45A97B4A2B05578E00B43979 /* PersonDetailsView.swift */,
				45A97B462B05577800B43979 /* AddPersonView.swift */,
				45A97B4C2B05579A00B43979 /* SettingsView.swift */,
			);
			path = Views;
			sourceTree = "<group>";
		};
/* End PBXGroup section */

/* Begin PBXNativeTarget section */
		45A97B2C2B0556EF00B43979 /* NavigationPath */ = {
			isa = PBXNativeTarget;
			buildConfigurationList = 45A97B3B2B0556F100B43979 /* Build configuration list for PBXNativeTarget "NavigationPath" */;
			buildPhases = (
				45A97B292B0556EF00B43979 /* Sources */,
				45A97B2A2B0556EF00B43979 /* Frameworks */,
				45A97B2B2B0556EF00B43979 /* Resources */,
			);
			buildRules = (
			);
			dependencies = (
			);
			name = NavigationPath;
			packageProductDependencies = (
				45F689DB2B06CAFE00395EC1 /* Factory */,
			);
			productName = NavigationPath;
			productReference = 45A97B2D2B0556EF00B43979 /* NavigationPath.app */;
			productType = "com.apple.product-type.application";
		};
/* End PBXNativeTarget section */

/* Begin PBXProject section */
		45A97B252B0556EF00B43979 /* Project object */ = {
			isa = PBXProject;
			attributes = {
				BuildIndependentTargetsInParallel = 1;
				LastSwiftUpdateCheck = 1500;
				LastUpgradeCheck = 1500;
				TargetAttributes = {
					45A97B2C2B0556EF00B43979 = {
						CreatedOnToolsVersion = 15.0;
						LastSwiftMigration = 1500;
					};
				};
			};
			buildConfigurationList = 45A97B282B0556EF00B43979 /* Build configuration list for PBXProject "NavigationPath" */;
			compatibilityVersion = "Xcode 14.0";
			developmentRegion = en;
			hasScannedForEncodings = 0;
			knownRegions = (
				en,
				Base,
			);
			mainGroup = 45A97B242B0556EF00B43979;
			packageReferences = (
				45F689DA2B06CAFE00395EC1 /* XCRemoteSwiftPackageReference "Factory" */,
			);
			productRefGroup = 45A97B2E2B0556EF00B43979 /* Products */;
			projectDirPath = "";
			projectRoot = "";
			targets = (
				45A97B2C2B0556EF00B43979 /* NavigationPath */,
			);
		};
/* End PBXProject section */

/* Begin PBXResourcesBuildPhase section */
		45A97B2B2B0556EF00B43979 /* Resources */ = {
			isa = PBXResourcesBuildPhase;
			buildActionMask = 2147483647;
			files = (
				45A97B382B0556F100B43979 /* Preview Assets.xcassets in Resources */,
				45A97B352B0556F100B43979 /* Assets.xcassets in Resources */,
			);
			runOnlyForDeploymentPostprocessing = 0;
		};
/* End PBXResourcesBuildPhase section */

/* Begin PBXSourcesBuildPhase section */
		45A97B292B0556EF00B43979 /* Sources */ = {
			isa = PBXSourcesBuildPhase;
			buildActionMask = 2147483647;
			files = (
				45A97B4D2B05579A00B43979 /* SettingsView.swift in Sources */,
				45A97B4B2B05578E00B43979 /* PersonDetailsView.swift in Sources */,
				45A97B442B05576300B43979 /* Person.swift in Sources */,
				45F689DE2B06CB0C00395EC1 /* NavigationPath+FactoryContainer.swift in Sources */,
				45A97B472B05577800B43979 /* AddPersonView.swift in Sources */,
				45A97B3F2B05572C00B43979 /* NavigationPath.swift in Sources */,
				45A97B492B05578400B43979 /* MainView.swift in Sources */,
				45A97B412B05574D00B43979 /* NavigationPath+AppCoordinator.swift in Sources */,
			);
			runOnlyForDeploymentPostprocessing = 0;
		};
/* End PBXSourcesBuildPhase section */

/* Begin XCBuildConfiguration section */
		45A97B392B0556F100B43979 /* Debug */ = {
			isa = XCBuildConfiguration;
			buildSettings = {
				ALWAYS_SEARCH_USER_PATHS = NO;
				ASSETCATALOG_COMPILER_GENERATE_SWIFT_ASSET_SYMBOL_EXTENSIONS = YES;
				CLANG_ANALYZER_NONNULL = YES;
				CLANG_ANALYZER_NUMBER_OBJECT_CONVERSION = YES_AGGRESSIVE;
				CLANG_CXX_LANGUAGE_STANDARD = "gnu++20";
				CLANG_ENABLE_MODULES = YES;
				CLANG_ENABLE_OBJC_ARC = YES;
				CLANG_ENABLE_OBJC_WEAK = YES;
				CLANG_WARN_BLOCK_CAPTURE_AUTORELEASING = YES;
				CLANG_WARN_BOOL_CONVERSION = YES;
				CLANG_WARN_COMMA = YES;
				CLANG_WARN_CONSTANT_CONVERSION = YES;
				CLANG_WARN_DEPRECATED_OBJC_IMPLEMENTATIONS = YES;
				CLANG_WARN_DIRECT_OBJC_ISA_USAGE = YES_ERROR;
				CLANG_WARN_DOCUMENTATION_COMMENTS = YES;
				CLANG_WARN_EMPTY_BODY = YES;
				CLANG_WARN_ENUM_CONVERSION = YES;
				CLANG_WARN_INFINITE_RECURSION = YES;
				CLANG_WARN_INT_CONVERSION = YES;
				CLANG_WARN_NON_LITERAL_NULL_CONVERSION = YES;
				CLANG_WARN_OBJC_IMPLICIT_RETAIN_SELF = YES;
				CLANG_WARN_OBJC_LITERAL_CONVERSION = YES;
				CLANG_WARN_OBJC_ROOT_CLASS = YES_ERROR;
				CLANG_WARN_QUOTED_INCLUDE_IN_FRAMEWORK_HEADER = YES;
				CLANG_WARN_RANGE_LOOP_ANALYSIS = YES;
				CLANG_WARN_STRICT_PROTOTYPES = YES;
				CLANG_WARN_SUSPICIOUS_MOVE = YES;
				CLANG_WARN_UNGUARDED_AVAILABILITY = YES_AGGRESSIVE;
				CLANG_WARN_UNREACHABLE_CODE = YES;
				CLANG_WARN__DUPLICATE_METHOD_MATCH = YES;
				COPY_PHASE_STRIP = NO;
				DEBUG_INFORMATION_FORMAT = dwarf;
				ENABLE_STRICT_OBJC_MSGSEND = YES;
				ENABLE_TESTABILITY = YES;
				ENABLE_USER_SCRIPT_SANDBOXING = YES;
				GCC_C_LANGUAGE_STANDARD = gnu17;
				GCC_DYNAMIC_NO_PIC = NO;
				GCC_NO_COMMON_BLOCKS = YES;
				GCC_OPTIMIZATION_LEVEL = 0;
				GCC_PREPROCESSOR_DEFINITIONS = (
					"DEBUG=1",
					"$(inherited)",
				);
				GCC_WARN_64_TO_32_BIT_CONVERSION = YES;
				GCC_WARN_ABOUT_RETURN_TYPE = YES_ERROR;
				GCC_WARN_UNDECLARED_SELECTOR = YES;
				GCC_WARN_UNINITIALIZED_AUTOS = YES_AGGRESSIVE;
				GCC_WARN_UNUSED_FUNCTION = YES;
				GCC_WARN_UNUSED_VARIABLE = YES;
				IPHONEOS_DEPLOYMENT_TARGET = 17.0;
				LOCALIZATION_PREFERS_STRING_CATALOGS = YES;
				MTL_ENABLE_DEBUG_INFO = INCLUDE_SOURCE;
				MTL_FAST_MATH = YES;
				ONLY_ACTIVE_ARCH = YES;
				SDKROOT = iphoneos;
				SWIFT_ACTIVE_COMPILATION_CONDITIONS = "DEBUG $(inherited)";
				SWIFT_OPTIMIZATION_LEVEL = "-Onone";
			};
			name = Debug;
		};
		45A97B3A2B0556F100B43979 /* Release */ = {
			isa = XCBuildConfiguration;
			buildSettings = {
				ALWAYS_SEARCH_USER_PATHS = NO;
				ASSETCATALOG_COMPILER_GENERATE_SWIFT_ASSET_SYMBOL_EXTENSIONS = YES;
				CLANG_ANALYZER_NONNULL = YES;
				CLANG_ANALYZER_NUMBER_OBJECT_CONVERSION = YES_AGGRESSIVE;
				CLANG_CXX_LANGUAGE_STANDARD = "gnu++20";
				CLANG_ENABLE_MODULES = YES;
				CLANG_ENABLE_OBJC_ARC = YES;
				CLANG_ENABLE_OBJC_WEAK = YES;
				CLANG_WARN_BLOCK_CAPTURE_AUTORELEASING = YES;
				CLANG_WARN_BOOL_CONVERSION = YES;
				CLANG_WARN_COMMA = YES;
				CLANG_WARN_CONSTANT_CONVERSION = YES;
				CLANG_WARN_DEPRECATED_OBJC_IMPLEMENTATIONS = YES;
				CLANG_WARN_DIRECT_OBJC_ISA_USAGE = YES_ERROR;
				CLANG_WARN_DOCUMENTATION_COMMENTS = YES;
				CLANG_WARN_EMPTY_BODY = YES;
				CLANG_WARN_ENUM_CONVERSION = YES;
				CLANG_WARN_INFINITE_RECURSION = YES;
				CLANG_WARN_INT_CONVERSION = YES;
				CLANG_WARN_NON_LITERAL_NULL_CONVERSION = YES;
				CLANG_WARN_OBJC_IMPLICIT_RETAIN_SELF = YES;
				CLANG_WARN_OBJC_LITERAL_CONVERSION = YES;
				CLANG_WARN_OBJC_ROOT_CLASS = YES_ERROR;
				CLANG_WARN_QUOTED_INCLUDE_IN_FRAMEWORK_HEADER = YES;
				CLANG_WARN_RANGE_LOOP_ANALYSIS = YES;
				CLANG_WARN_STRICT_PROTOTYPES = YES;
				CLANG_WARN_SUSPICIOUS_MOVE = YES;
				CLANG_WARN_UNGUARDED_AVAILABILITY = YES_AGGRESSIVE;
				CLANG_WARN_UNREACHABLE_CODE = YES;
				CLANG_WARN__DUPLICATE_METHOD_MATCH = YES;
				COPY_PHASE_STRIP = NO;
				DEBUG_INFORMATION_FORMAT = "dwarf-with-dsym";
				ENABLE_NS_ASSERTIONS = NO;
				ENABLE_STRICT_OBJC_MSGSEND = YES;
				ENABLE_USER_SCRIPT_SANDBOXING = YES;
				GCC_C_LANGUAGE_STANDARD = gnu17;
				GCC_NO_COMMON_BLOCKS = YES;
				GCC_WARN_64_TO_32_BIT_CONVERSION = YES;
				GCC_WARN_ABOUT_RETURN_TYPE = YES_ERROR;
				GCC_WARN_UNDECLARED_SELECTOR = YES;
				GCC_WARN_UNINITIALIZED_AUTOS = YES_AGGRESSIVE;
				GCC_WARN_UNUSED_FUNCTION = YES;
				GCC_WARN_UNUSED_VARIABLE = YES;
				IPHONEOS_DEPLOYMENT_TARGET = 17.0;
				LOCALIZATION_PREFERS_STRING_CATALOGS = YES;
				MTL_ENABLE_DEBUG_INFO = NO;
				MTL_FAST_MATH = YES;
				SDKROOT = iphoneos;
				SWIFT_COMPILATION_MODE = wholemodule;
				VALIDATE_PRODUCT = YES;
			};
			name = Release;
		};
		45A97B3C2B0556F100B43979 /* Debug */ = {
			isa = XCBuildConfiguration;
			buildSettings = {
				ASSETCATALOG_COMPILER_APPICON_NAME = AppIcon;
				ASSETCATALOG_COMPILER_GLOBAL_ACCENT_COLOR_NAME = AccentColor;
				CLANG_ENABLE_MODULES = YES;
				CODE_SIGN_STYLE = Automatic;
				CURRENT_PROJECT_VERSION = 1;
				DEVELOPMENT_ASSET_PATHS = "\"NavigationPath/Preview Content\"";
				DEVELOPMENT_TEAM = X9DJ8STXP5;
				ENABLE_PREVIEWS = YES;
				GENERATE_INFOPLIST_FILE = YES;
				INFOPLIST_KEY_UIApplicationSceneManifest_Generation = YES;
				INFOPLIST_KEY_UIApplicationSupportsIndirectInputEvents = YES;
				INFOPLIST_KEY_UILaunchScreen_Generation = YES;
				INFOPLIST_KEY_UISupportedInterfaceOrientations_iPad = "UIInterfaceOrientationPortrait UIInterfaceOrientationPortraitUpsideDown UIInterfaceOrientationLandscapeLeft UIInterfaceOrientationLandscapeRight";
				INFOPLIST_KEY_UISupportedInterfaceOrientations_iPhone = "UIInterfaceOrientationPortrait UIInterfaceOrientationLandscapeLeft UIInterfaceOrientationLandscapeRight";
				LD_RUNPATH_SEARCH_PATHS = (
					"$(inherited)",
					"@executable_path/Frameworks",
				);
				MARKETING_VERSION = 1.0;
				PRODUCT_BUNDLE_IDENTIFIER = de.marvinleekobert.NavigationPath;
				PRODUCT_NAME = "$(TARGET_NAME)";
				SWIFT_EMIT_LOC_STRINGS = YES;
				SWIFT_OPTIMIZATION_LEVEL = "-Onone";
				SWIFT_VERSION = 5.0;
				TARGETED_DEVICE_FAMILY = "1,2";
			};
			name = Debug;
		};
		45A97B3D2B0556F100B43979 /* Release */ = {
			isa = XCBuildConfiguration;
			buildSettings = {
				ASSETCATALOG_COMPILER_APPICON_NAME = AppIcon;
				ASSETCATALOG_COMPILER_GLOBAL_ACCENT_COLOR_NAME = AccentColor;
				CLANG_ENABLE_MODULES = YES;
				CODE_SIGN_STYLE = Automatic;
				CURRENT_PROJECT_VERSION = 1;
				DEVELOPMENT_ASSET_PATHS = "\"NavigationPath/Preview Content\"";
				DEVELOPMENT_TEAM = X9DJ8STXP5;
				ENABLE_PREVIEWS = YES;
				GENERATE_INFOPLIST_FILE = YES;
				INFOPLIST_KEY_UIApplicationSceneManifest_Generation = YES;
				INFOPLIST_KEY_UIApplicationSupportsIndirectInputEvents = YES;
				INFOPLIST_KEY_UILaunchScreen_Generation = YES;
				INFOPLIST_KEY_UISupportedInterfaceOrientations_iPad = "UIInterfaceOrientationPortrait UIInterfaceOrientationPortraitUpsideDown UIInterfaceOrientationLandscapeLeft UIInterfaceOrientationLandscapeRight";
				INFOPLIST_KEY_UISupportedInterfaceOrientations_iPhone = "UIInterfaceOrientationPortrait UIInterfaceOrientationLandscapeLeft UIInterfaceOrientationLandscapeRight";
				LD_RUNPATH_SEARCH_PATHS = (
					"$(inherited)",
					"@executable_path/Frameworks",
				);
				MARKETING_VERSION = 1.0;
				PRODUCT_BUNDLE_IDENTIFIER = de.marvinleekobert.NavigationPath;
				PRODUCT_NAME = "$(TARGET_NAME)";
				SWIFT_EMIT_LOC_STRINGS = YES;
				SWIFT_VERSION = 5.0;
				TARGETED_DEVICE_FAMILY = "1,2";
			};
			name = Release;
		};
/* End XCBuildConfiguration section */

/* Begin XCConfigurationList section */
		45A97B282B0556EF00B43979 /* Build configuration list for PBXProject "NavigationPath" */ = {
			isa = XCConfigurationList;
			buildConfigurations = (
				45A97B392B0556F100B43979 /* Debug */,
				45A97B3A2B0556F100B43979 /* Release */,
			);
			defaultConfigurationIsVisible = 0;
			defaultConfigurationName = Release;
		};
		45A97B3B2B0556F100B43979 /* Build configuration list for PBXNativeTarget "NavigationPath" */ = {
			isa = XCConfigurationList;
			buildConfigurations = (
				45A97B3C2B0556F100B43979 /* Debug */,
				45A97B3D2B0556F100B43979 /* Release */,
			);
			defaultConfigurationIsVisible = 0;
			defaultConfigurationName = Release;
		};
/* End XCConfigurationList section */

/* Begin XCRemoteSwiftPackageReference section */
		45F689DA2B06CAFE00395EC1 /* XCRemoteSwiftPackageReference "Factory" */ = {
			isa = XCRemoteSwiftPackageReference;
			repositoryURL = "https://github.com/hmlongco/Factory";
			requirement = {
				kind = exactVersion;
				version = 2.3.1;
			};
		};
/* End XCRemoteSwiftPackageReference section */

/* Begin XCSwiftPackageProductDependency section */
		45F689DB2B06CAFE00395EC1 /* Factory */ = {
			isa = XCSwiftPackageProductDependency;
			package = 45F689DA2B06CAFE00395EC1 /* XCRemoteSwiftPackageReference "Factory" */;
			productName = Factory;
		};
/* End XCSwiftPackageProductDependency section */
	};
	rootObject = 45A97B252B0556EF00B43979 /* Project object */;
}
